
Microsoft Visual Studio Solution File, Format Version 12.00
# Visual Studio Version 16
VisualStudioVersion = 16.0.29326.143
MinimumVisualStudioVersion = 10.0.40219.1
Project("{9A19103F-16F7-4668-BE54-9A1E7A4F7556}") = "Common.Standard", "Common.Standard\Common.Standard.csproj", "{C0F2A1FA-18F7-4333-9A00-B682DE19F93D}"
EndProject
Project("{9A19103F-16F7-4668-BE54-9A1E7A4F7556}") = "Test.Common.Standard", "Test.Common.Standard\Test.Common.Standard.csproj", "{999564CC-1624-4FA0-8517-6F5A1F7B2AE7}"
EndProject
Project("{FAE04EC0-301F-11D3-BF4B-00C04F79EFBC}") = "ConsoleIntegrationTests", "ConsoleIntegrationTests\ConsoleIntegrationTests.csproj", "{4FB79A82-E19B-41D6-AD91-7333B41EB9CF}"
EndProject
Project("{FAE04EC0-301F-11D3-BF4B-00C04F79EFBC}") = "ConsoleProxyGenerator", "ConsoleProxyGenerator\ConsoleProxyGenerator.csproj", "{49F2EAB9-9A15-4BC0-989B-5829F96E94C9}"
EndProject
Project("{9A19103F-16F7-4668-BE54-9A1E7A4F7556}") = "ConsolePoolIntoDb", "ConsolePoolIntoDb\ConsolePoolIntoDb.csproj", "{79E51B9B-5767-4105-861C-464139D2EBFD}"
EndProject
Project("{FAE04EC0-301F-11D3-BF4B-00C04F79EFBC}") = "HashRingIntegrationTest", "HashRingIntegrationTest\HashRingIntegrationTest.csproj", "{FB5EF8A8-3492-4297-B0C8-05A58A9B7084}"
EndProject
Global
	GlobalSection(SolutionConfigurationPlatforms) = preSolution
		Debug|Any CPU = Debug|Any CPU
		Release|Any CPU = Release|Any CPU
	EndGlobalSection
	GlobalSection(ProjectConfigurationPlatforms) = postSolution
		{C0F2A1FA-18F7-4333-9A00-B682DE19F93D}.Debug|Any CPU.ActiveCfg = Debug|Any CPU
		{C0F2A1FA-18F7-4333-9A00-B682DE19F93D}.Debug|Any CPU.Build.0 = Debug|Any CPU
		{C0F2A1FA-18F7-4333-9A00-B682DE19F93D}.Release|Any CPU.ActiveCfg = Release|Any CPU
		{C0F2A1FA-18F7-4333-9A00-B682DE19F93D}.Release|Any CPU.Build.0 = Release|Any CPU
		{999564CC-1624-4FA0-8517-6F5A1F7B2AE7}.Debug|Any CPU.ActiveCfg = Debug|Any CPU
		{999564CC-1624-4FA0-8517-6F5A1F7B2AE7}.Debug|Any CPU.Build.0 = Debug|Any CPU
		{999564CC-1624-4FA0-8517-6F5A1F7B2AE7}.Release|Any CPU.ActiveCfg = Release|Any CPU
		{999564CC-1624-4FA0-8517-6F5A1F7B2AE7}.Release|Any CPU.Build.0 = Release|Any CPU
		{4FB79A82-E19B-41D6-AD91-7333B41EB9CF}.Debug|Any CPU.ActiveCfg = Debug|Any CPU
		{4FB79A82-E19B-41D6-AD91-7333B41EB9CF}.Debug|Any CPU.Build.0 = Debug|Any CPU
		{4FB79A82-E19B-41D6-AD91-7333B41EB9CF}.Release|Any CPU.ActiveCfg = Release|Any CPU
		{4FB79A82-E19B-41D6-AD91-7333B41EB9CF}.Release|Any CPU.Build.0 = Release|Any CPU
		{49F2EAB9-9A15-4BC0-989B-5829F96E94C9}.Debug|Any CPU.ActiveCfg = Debug|Any CPU
		{49F2EAB9-9A15-4BC0-989B-5829F96E94C9}.Debug|Any CPU.Build.0 = Debug|Any CPU
		{49F2EAB9-9A15-4BC0-989B-5829F96E94C9}.Release|Any CPU.ActiveCfg = Release|Any CPU
		{49F2EAB9-9A15-4BC0-989B-5829F96E94C9}.Release|Any CPU.Build.0 = Release|Any CPU
		{79E51B9B-5767-4105-861C-464139D2EBFD}.Debug|Any CPU.ActiveCfg = Debug|Any CPU
		{79E51B9B-5767-4105-861C-464139D2EBFD}.Debug|Any CPU.Build.0 = Debug|Any CPU
		{79E51B9B-5767-4105-861C-464139D2EBFD}.Release|Any CPU.ActiveCfg = Release|Any CPU
		{79E51B9B-5767-4105-861C-464139D2EBFD}.Release|Any CPU.Build.0 = Release|Any CPU
		{FB5EF8A8-3492-4297-B0C8-05A58A9B7084}.Debug|Any CPU.ActiveCfg = Debug|Any CPU
		{FB5EF8A8-3492-4297-B0C8-05A58A9B7084}.Debug|Any CPU.Build.0 = Debug|Any CPU
		{FB5EF8A8-3492-4297-B0C8-05A58A9B7084}.Release|Any CPU.ActiveCfg = Release|Any CPU
		{FB5EF8A8-3492-4297-B0C8-05A58A9B7084}.Release|Any CPU.Build.0 = Release|Any CPU
	EndGlobalSection
	GlobalSection(SolutionProperties) = preSolution
		HideSolutionNode = FALSE
	EndGlobalSection
	GlobalSection(ExtensibilityGlobals) = postSolution
		SolutionGuid = {DD73D41B-6BC5-45FF-9864-7AE9A761A099}
	EndGlobalSection
EndGlobal
